
Microsoft Visual Studio Solution File, Format Version 12.00
# Visual Studio 15
VisualStudioVersion = 15.0.27703.2042
MinimumVisualStudioVersion = 10.0.40219.1
Project("{FAE04EC0-301F-11D3-BF4B-00C04F79EFBC}") = "Para3", "Para3\Para3.csproj", "{B7C96FB1-AFA1-4678-8076-7A752377CA88}"
EndProject
Global
	GlobalSection(SolutionConfigurationPlatforms) = preSolution
		Debug|Any CPU = Debug|Any CPU
		Release|Any CPU = Release|Any CPU
	EndGlobalSection
	GlobalSection(ProjectConfigurationPlatforms) = postSolution
		{B7C96FB1-AFA1-4678-8076-7A752377CA88}.Debug|Any CPU.ActiveCfg = Debug|Any CPU
		{B7C96FB1-AFA1-4678-8076-7A752377CA88}.Debug|Any CPU.Build.0 = Debug|Any CPU
		{B7C96FB1-AFA1-4678-8076-7A752377CA88}.Release|Any CPU.ActiveCfg = Release|Any CPU
		{B7C96FB1-AFA1-4678-8076-7A752377CA88}.Release|Any CPU.Build.0 = Release|Any CPU
	EndGlobalSection
	GlobalSection(SolutionProperties) = preSolution
		HideSolutionNode = FALSE
	EndGlobalSection
	GlobalSection(ExtensibilityGlobals) = postSolution
		SolutionGuid = {56FDBA09-A022-405B-B1FD-1A5ED9C9C681}
	EndGlobalSection
EndGlobal
